
Microsoft Visual Studio Solution File, Format Version 12.00
# Visual Studio Version 16
VisualStudioVersion = 16.0.30011.22
MinimumVisualStudioVersion = 10.0.40219.1
Project("{FAE04EC0-301F-11D3-BF4B-00C04F79EFBC}") = "Calculcator", "Calculcator\Calculcator.csproj", "{7C13BBB8-46F8-4733-B58C-15B4BE2B5EDE}"
EndProject
Project("{FAE04EC0-301F-11D3-BF4B-00C04F79EFBC}") = "AnalaizerClassLib", "AnalaizerClassLib\AnalaizerClassLib.csproj", "{D104389F-AB24-4D90-92D1-0F8063791406}"
EndProject
Project("{FAE04EC0-301F-11D3-BF4B-00C04F79EFBC}") = "CalcLibrary", "CalcLibrary\CalcLibrary.csproj", "{2C3C0B48-C9BB-42AE-A4F9-BF800DEB58DC}"
EndProject
Global
	GlobalSection(SolutionConfigurationPlatforms) = preSolution
		Debug|Any CPU = Debug|Any CPU
		Release|Any CPU = Release|Any CPU
	EndGlobalSection
	GlobalSection(ProjectConfigurationPlatforms) = postSolution
		{7C13BBB8-46F8-4733-B58C-15B4BE2B5EDE}.Debug|Any CPU.ActiveCfg = Debug|Any CPU
		{7C13BBB8-46F8-4733-B58C-15B4BE2B5EDE}.Debug|Any CPU.Build.0 = Debug|Any CPU
		{7C13BBB8-46F8-4733-B58C-15B4BE2B5EDE}.Release|Any CPU.ActiveCfg = Release|Any CPU
		{7C13BBB8-46F8-4733-B58C-15B4BE2B5EDE}.Release|Any CPU.Build.0 = Release|Any CPU
		{D104389F-AB24-4D90-92D1-0F8063791406}.Debug|Any CPU.ActiveCfg = Debug|Any CPU
		{D104389F-AB24-4D90-92D1-0F8063791406}.Debug|Any CPU.Build.0 = Debug|Any CPU
		{D104389F-AB24-4D90-92D1-0F8063791406}.Release|Any CPU.ActiveCfg = Release|Any CPU
		{D104389F-AB24-4D90-92D1-0F8063791406}.Release|Any CPU.Build.0 = Release|Any CPU
		{2C3C0B48-C9BB-42AE-A4F9-BF800DEB58DC}.Debug|Any CPU.ActiveCfg = Debug|Any CPU
		{2C3C0B48-C9BB-42AE-A4F9-BF800DEB58DC}.Debug|Any CPU.Build.0 = Debug|Any CPU
		{2C3C0B48-C9BB-42AE-A4F9-BF800DEB58DC}.Release|Any CPU.ActiveCfg = Release|Any CPU
		{2C3C0B48-C9BB-42AE-A4F9-BF800DEB58DC}.Release|Any CPU.Build.0 = Release|Any CPU
	EndGlobalSection
	GlobalSection(SolutionProperties) = preSolution
		HideSolutionNode = FALSE
	EndGlobalSection
	GlobalSection(ExtensibilityGlobals) = postSolution
		SolutionGuid = {1C28F564-E1B9-450E-912E-93206FF5FF6F}
	EndGlobalSection
EndGlobal
